
Microsoft Visual Studio Solution File, Format Version 12.00
# Visual Studio Version 17
VisualStudioVersion = 17.6.33513.286
MinimumVisualStudioVersion = 10.0.40219.1
Project("{9A19103F-16F7-4668-BE54-9A1E7A4F7556}") = "chapter2", "chapter2.csproj", "{5237AEA3-E3C0-4B71-A112-41C8F8B8C56F}"
EndProject
Global
	GlobalSection(SolutionConfigurationPlatforms) = preSolution
		Debug|Any CPU = Debug|Any CPU
		Release|Any CPU = Release|Any CPU
	EndGlobalSection
	GlobalSection(ProjectConfigurationPlatforms) = postSolution
		{5237AEA3-E3C0-4B71-A112-41C8F8B8C56F}.Debug|Any CPU.ActiveCfg = Debug|Any CPU
		{5237AEA3-E3C0-4B71-A112-41C8F8B8C56F}.Debug|Any CPU.Build.0 = Debug|Any CPU
		{5237AEA3-E3C0-4B71-A112-41C8F8B8C56F}.Release|Any CPU.ActiveCfg = Release|Any CPU
		{5237AEA3-E3C0-4B71-A112-41C8F8B8C56F}.Release|Any CPU.Build.0 = Release|Any CPU
	EndGlobalSection
	GlobalSection(SolutionProperties) = preSolution
		HideSolutionNode = FALSE
	EndGlobalSection
	GlobalSection(ExtensibilityGlobals) = postSolution
		SolutionGuid = {23CBCD5B-65EE-4E23-AF20-F5DFFAE54C7E}
	EndGlobalSection
EndGlobal
